
Microsoft Visual Studio Solution File, Format Version 12.00
# Visual Studio Version 17
VisualStudioVersion = 17.8.34330.188
MinimumVisualStudioVersion = 10.0.40219.1
Project("{FAE04EC0-301F-11D3-BF4B-00C04F79EFBC}") = "task", "task.csproj", "{76ECBB3F-B875-486B-BBD2-2AC0E50D6150}"
EndProject
Global
	GlobalSection(SolutionConfigurationPlatforms) = preSolution
		Debug|Any CPU = Debug|Any CPU
		Release|Any CPU = Release|Any CPU
	EndGlobalSection
	GlobalSection(ProjectConfigurationPlatforms) = postSolution
		{76ECBB3F-B875-486B-BBD2-2AC0E50D6150}.Debug|Any CPU.ActiveCfg = Debug|Any CPU
		{76ECBB3F-B875-486B-BBD2-2AC0E50D6150}.Debug|Any CPU.Build.0 = Debug|Any CPU
		{76ECBB3F-B875-486B-BBD2-2AC0E50D6150}.Release|Any CPU.ActiveCfg = Release|Any CPU
		{76ECBB3F-B875-486B-BBD2-2AC0E50D6150}.Release|Any CPU.Build.0 = Release|Any CPU
	EndGlobalSection
	GlobalSection(SolutionProperties) = preSolution
		HideSolutionNode = FALSE
	EndGlobalSection
	GlobalSection(ExtensibilityGlobals) = postSolution
		SolutionGuid = {416FD7DD-C294-4A5D-9407-DBDB0B65B5AE}
	EndGlobalSection
EndGlobal
